
Microsoft Visual Studio Solution File, Format Version 12.00
# Visual Studio 15
VisualStudioVersion = 15.0.28307.271
MinimumVisualStudioVersion = 10.0.40219.1
Project("{FAE04EC0-301F-11D3-BF4B-00C04F79EFBC}") = "Vidly", "Vidly\Vidly.csproj", "{2E2A4F36-0B59-445B-82C7-D7EC3523441E}"
EndProject
Global
	GlobalSection(SolutionConfigurationPlatforms) = preSolution
		Debug|Any CPU = Debug|Any CPU
		Release|Any CPU = Release|Any CPU
	EndGlobalSection
	GlobalSection(ProjectConfigurationPlatforms) = postSolution
		{2E2A4F36-0B59-445B-82C7-D7EC3523441E}.Debug|Any CPU.ActiveCfg = Debug|Any CPU
		{2E2A4F36-0B59-445B-82C7-D7EC3523441E}.Debug|Any CPU.Build.0 = Debug|Any CPU
		{2E2A4F36-0B59-445B-82C7-D7EC3523441E}.Release|Any CPU.ActiveCfg = Release|Any CPU
		{2E2A4F36-0B59-445B-82C7-D7EC3523441E}.Release|Any CPU.Build.0 = Release|Any CPU
	EndGlobalSection
	GlobalSection(SolutionProperties) = preSolution
		HideSolutionNode = FALSE
	EndGlobalSection
	GlobalSection(ExtensibilityGlobals) = postSolution
		SolutionGuid = {7D661615-320F-4CC4-B4BA-D5BDB21161D8}
	EndGlobalSection
EndGlobal
